
Microsoft Visual Studio Solution File, Format Version 12.00
# Visual Studio Version 17
VisualStudioVersion = 17.7.34031.279
MinimumVisualStudioVersion = 10.0.40219.1
Project("{9A19103F-16F7-4668-BE54-9A1E7A4F7556}") = "Дз Цифра C# №2", "Дз Цифра C# №2\Дз Цифра C# №2.csproj", "{970351FD-E8CC-4C01-AF9F-11B68A8A2D35}"
EndProject
Project("{9A19103F-16F7-4668-BE54-9A1E7A4F7556}") = "Дз №3", "Дз №3\Дз №3.csproj", "{E2929147-FD8A-40EA-8B6D-9D20FCB8700B}"
EndProject
Project("{9A19103F-16F7-4668-BE54-9A1E7A4F7556}") = "Home_Work 4 Cifra", "Home_Work 4 Cifra\Home_Work 4 Cifra.csproj", "{C56994D6-B9C3-4ED4-A337-D747BC4CFA9F}"
EndProject
Project("{9A19103F-16F7-4668-BE54-9A1E7A4F7556}") = "Home Work № 5", "Home Work № 5\Home Work № 5.csproj", "{5B768B78-A7DF-491A-8D6C-208F5A222BA8}"
EndProject
Project("{9A19103F-16F7-4668-BE54-9A1E7A4F7556}") = "HomeWork 5.2", "HomeWork 5.2\HomeWork 5.2.csproj", "{BB9BFF23-5C95-451B-ACA2-70410C4E8EF6}"
EndProject
Project("{9A19103F-16F7-4668-BE54-9A1E7A4F7556}") = "HomeWork 6.1", "HomeWork 6.1\HomeWork 6.1.csproj", "{B29DE253-A1CA-40A1-87F0-87785A040D14}"
EndProject
Project("{9A19103F-16F7-4668-BE54-9A1E7A4F7556}") = "HomeWork 6.2", "HomeWork 6.2\HomeWork 6.2.csproj", "{9E9A0E2F-BB66-4D47-B7A6-8EF4C7C6628F}"
EndProject
Project("{9A19103F-16F7-4668-BE54-9A1E7A4F7556}") = "HomeWork 7. 1-2", "HomeWork 7. 1-2\HomeWork 7. 1-2.csproj", "{36EEC6F6-C062-42D9-B06F-91A64C9AC487}"
EndProject
Project("{9A19103F-16F7-4668-BE54-9A1E7A4F7556}") = "HomeWork 8.1", "HomeWork 8.1\HomeWork 8.1.csproj", "{6586FCB4-DD89-4A05-A545-584EFD0918F2}"
EndProject
Project("{9A19103F-16F7-4668-BE54-9A1E7A4F7556}") = "Home Work 8.2", "Home Work 8.2\Home Work 8.2.csproj", "{C287C2C7-DC8A-4E5A-A2AE-323B235E1EEE}"
EndProject
Project("{9A19103F-16F7-4668-BE54-9A1E7A4F7556}") = "Home Work 8.4", "Home Work 8.4\Home Work 8.4.csproj", "{1C678298-2866-4E43-A51F-07ABAC9797B5}"
EndProject
Project("{9A19103F-16F7-4668-BE54-9A1E7A4F7556}") = "HomeWork 10.1", "HomeWork 10.1\HomeWork 10.1.csproj", "{9AD7F74A-E444-4630-B527-F6D093D9B1F3}"
EndProject
Project("{9A19103F-16F7-4668-BE54-9A1E7A4F7556}") = "Home Work 9.2", "Home Work 9.2\Home Work 9.2.csproj", "{F8AF83A7-2C18-4EF2-A68C-B1D8BF84A321}"
EndProject
Project("{9A19103F-16F7-4668-BE54-9A1E7A4F7556}") = "Home Work 11.1", "Home Work 11.1\Home Work 11.1.csproj", "{0E8BA049-7FC2-4C49-8648-1742E1BE81D9}"
EndProject
Project("{9A19103F-16F7-4668-BE54-9A1E7A4F7556}") = "Home Work 11.2", "Home Work 11.2\Home Work 11.2.csproj", "{D0000566-04C7-424D-B971-B3BBF01BC33F}"
EndProject
Project("{9A19103F-16F7-4668-BE54-9A1E7A4F7556}") = "Home Work 11.3", "Home Work 11.3\Home Work 11.3.csproj", "{5B72D101-C5F9-4D04-A4D3-FC946A289D0A}"
EndProject
Project("{9A19103F-16F7-4668-BE54-9A1E7A4F7556}") = "Home Work 11.4", "Home Work 11.4\Home Work 11.4.csproj", "{5A47348B-0857-493D-810D-B7D4760C723B}"
EndProject
Project("{9A19103F-16F7-4668-BE54-9A1E7A4F7556}") = "Home Work 12.1", "Home Work 12.1\Home Work 12.1.csproj", "{0F7722E5-D3C1-4242-B3D3-C1BE6592ADA9}"
EndProject
Project("{9A19103F-16F7-4668-BE54-9A1E7A4F7556}") = "Home Work 12.2", "Home Work 12.2\Home Work 12.2.csproj", "{81F3CEEC-8AC7-4E95-AC77-D98DBB319E8D}"
EndProject
Project("{9A19103F-16F7-4668-BE54-9A1E7A4F7556}") = "Home Work 13", "Home Work 13\Home Work 13.csproj", "{862A7038-1B55-4B56-91E5-1D587279AF3B}"
EndProject
Project("{9A19103F-16F7-4668-BE54-9A1E7A4F7556}") = "Home Work 13.2", "Home Work 13.2\Home Work 13.2.csproj", "{30E9C716-EEB6-47DC-836A-15CA970735F6}"
EndProject
Project("{9A19103F-16F7-4668-BE54-9A1E7A4F7556}") = "Home Work 14.1", "Home Work 14.1\Home Work 14.1.csproj", "{4BFFBDC2-B57C-40BF-B6B2-1DF33B35CFED}"
EndProject
Project("{9A19103F-16F7-4668-BE54-9A1E7A4F7556}") = "Home Work 15.1", "Home Work 15.1\Home Work 15.1.csproj", "{684C0027-FE89-4437-A48C-99B8D6E864E1}"
EndProject
Project("{9A19103F-16F7-4668-BE54-9A1E7A4F7556}") = "Home Work 15.2", "Home Work 15.2\Home Work 15.2.csproj", "{5EAFF227-8F10-4BC2-AB08-6D1A02289348}"
EndProject
Project("{9A19103F-16F7-4668-BE54-9A1E7A4F7556}") = "Home Work 15.3", "Home Work 16.1\Home Work 15.3.csproj", "{42EF5BBD-A1C2-4597-840A-664BB7595CEC}"
EndProject
Project("{FAE04EC0-301F-11D3-BF4B-00C04F79EFBC}") = "Lesson 14.2", "Lesson 14.2\Lesson 14.2.csproj", "{031CF200-DD13-415E-93C9-2C1369FB772F}"
EndProject
Global
	GlobalSection(SolutionConfigurationPlatforms) = preSolution
		Debug|Any CPU = Debug|Any CPU
		Release|Any CPU = Release|Any CPU
	EndGlobalSection
	GlobalSection(ProjectConfigurationPlatforms) = postSolution
		{970351FD-E8CC-4C01-AF9F-11B68A8A2D35}.Debug|Any CPU.ActiveCfg = Debug|Any CPU
		{970351FD-E8CC-4C01-AF9F-11B68A8A2D35}.Debug|Any CPU.Build.0 = Debug|Any CPU
		{970351FD-E8CC-4C01-AF9F-11B68A8A2D35}.Release|Any CPU.ActiveCfg = Release|Any CPU
		{970351FD-E8CC-4C01-AF9F-11B68A8A2D35}.Release|Any CPU.Build.0 = Release|Any CPU
		{E2929147-FD8A-40EA-8B6D-9D20FCB8700B}.Debug|Any CPU.ActiveCfg = Debug|Any CPU
		{E2929147-FD8A-40EA-8B6D-9D20FCB8700B}.Debug|Any CPU.Build.0 = Debug|Any CPU
		{E2929147-FD8A-40EA-8B6D-9D20FCB8700B}.Release|Any CPU.ActiveCfg = Release|Any CPU
		{E2929147-FD8A-40EA-8B6D-9D20FCB8700B}.Release|Any CPU.Build.0 = Release|Any CPU
		{C56994D6-B9C3-4ED4-A337-D747BC4CFA9F}.Debug|Any CPU.ActiveCfg = Debug|Any CPU
		{C56994D6-B9C3-4ED4-A337-D747BC4CFA9F}.Debug|Any CPU.Build.0 = Debug|Any CPU
		{C56994D6-B9C3-4ED4-A337-D747BC4CFA9F}.Release|Any CPU.ActiveCfg = Release|Any CPU
		{C56994D6-B9C3-4ED4-A337-D747BC4CFA9F}.Release|Any CPU.Build.0 = Release|Any CPU
		{5B768B78-A7DF-491A-8D6C-208F5A222BA8}.Debug|Any CPU.ActiveCfg = Debug|Any CPU
		{5B768B78-A7DF-491A-8D6C-208F5A222BA8}.Debug|Any CPU.Build.0 = Debug|Any CPU
		{5B768B78-A7DF-491A-8D6C-208F5A222BA8}.Release|Any CPU.ActiveCfg = Release|Any CPU
		{5B768B78-A7DF-491A-8D6C-208F5A222BA8}.Release|Any CPU.Build.0 = Release|Any CPU
		{BB9BFF23-5C95-451B-ACA2-70410C4E8EF6}.Debug|Any CPU.ActiveCfg = Debug|Any CPU
		{BB9BFF23-5C95-451B-ACA2-70410C4E8EF6}.Debug|Any CPU.Build.0 = Debug|Any CPU
		{BB9BFF23-5C95-451B-ACA2-70410C4E8EF6}.Release|Any CPU.ActiveCfg = Release|Any CPU
		{BB9BFF23-5C95-451B-ACA2-70410C4E8EF6}.Release|Any CPU.Build.0 = Release|Any CPU
		{B29DE253-A1CA-40A1-87F0-87785A040D14}.Debug|Any CPU.ActiveCfg = Debug|Any CPU
		{B29DE253-A1CA-40A1-87F0-87785A040D14}.Debug|Any CPU.Build.0 = Debug|Any CPU
		{B29DE253-A1CA-40A1-87F0-87785A040D14}.Release|Any CPU.ActiveCfg = Release|Any CPU
		{B29DE253-A1CA-40A1-87F0-87785A040D14}.Release|Any CPU.Build.0 = Release|Any CPU
		{9E9A0E2F-BB66-4D47-B7A6-8EF4C7C6628F}.Debug|Any CPU.ActiveCfg = Debug|Any CPU
		{9E9A0E2F-BB66-4D47-B7A6-8EF4C7C6628F}.Debug|Any CPU.Build.0 = Debug|Any CPU
		{9E9A0E2F-BB66-4D47-B7A6-8EF4C7C6628F}.Release|Any CPU.ActiveCfg = Release|Any CPU
		{9E9A0E2F-BB66-4D47-B7A6-8EF4C7C6628F}.Release|Any CPU.Build.0 = Release|Any CPU
		{36EEC6F6-C062-42D9-B06F-91A64C9AC487}.Debug|Any CPU.ActiveCfg = Debug|Any CPU
		{36EEC6F6-C062-42D9-B06F-91A64C9AC487}.Debug|Any CPU.Build.0 = Debug|Any CPU
		{36EEC6F6-C062-42D9-B06F-91A64C9AC487}.Release|Any CPU.ActiveCfg = Release|Any CPU
		{36EEC6F6-C062-42D9-B06F-91A64C9AC487}.Release|Any CPU.Build.0 = Release|Any CPU
		{6586FCB4-DD89-4A05-A545-584EFD0918F2}.Debug|Any CPU.ActiveCfg = Debug|Any CPU
		{6586FCB4-DD89-4A05-A545-584EFD0918F2}.Debug|Any CPU.Build.0 = Debug|Any CPU
		{6586FCB4-DD89-4A05-A545-584EFD0918F2}.Release|Any CPU.ActiveCfg = Release|Any CPU
		{6586FCB4-DD89-4A05-A545-584EFD0918F2}.Release|Any CPU.Build.0 = Release|Any CPU
		{C287C2C7-DC8A-4E5A-A2AE-323B235E1EEE}.Debug|Any CPU.ActiveCfg = Debug|Any CPU
		{C287C2C7-DC8A-4E5A-A2AE-323B235E1EEE}.Debug|Any CPU.Build.0 = Debug|Any CPU
		{C287C2C7-DC8A-4E5A-A2AE-323B235E1EEE}.Release|Any CPU.ActiveCfg = Release|Any CPU
		{C287C2C7-DC8A-4E5A-A2AE-323B235E1EEE}.Release|Any CPU.Build.0 = Release|Any CPU
		{1C678298-2866-4E43-A51F-07ABAC9797B5}.Debug|Any CPU.ActiveCfg = Debug|Any CPU
		{1C678298-2866-4E43-A51F-07ABAC9797B5}.Debug|Any CPU.Build.0 = Debug|Any CPU
		{1C678298-2866-4E43-A51F-07ABAC9797B5}.Release|Any CPU.ActiveCfg = Release|Any CPU
		{1C678298-2866-4E43-A51F-07ABAC9797B5}.Release|Any CPU.Build.0 = Release|Any CPU
		{9AD7F74A-E444-4630-B527-F6D093D9B1F3}.Debug|Any CPU.ActiveCfg = Debug|Any CPU
		{9AD7F74A-E444-4630-B527-F6D093D9B1F3}.Debug|Any CPU.Build.0 = Debug|Any CPU
		{9AD7F74A-E444-4630-B527-F6D093D9B1F3}.Release|Any CPU.ActiveCfg = Release|Any CPU
		{9AD7F74A-E444-4630-B527-F6D093D9B1F3}.Release|Any CPU.Build.0 = Release|Any CPU
		{F8AF83A7-2C18-4EF2-A68C-B1D8BF84A321}.Debug|Any CPU.ActiveCfg = Debug|Any CPU
		{F8AF83A7-2C18-4EF2-A68C-B1D8BF84A321}.Debug|Any CPU.Build.0 = Debug|Any CPU
		{F8AF83A7-2C18-4EF2-A68C-B1D8BF84A321}.Release|Any CPU.ActiveCfg = Release|Any CPU
		{F8AF83A7-2C18-4EF2-A68C-B1D8BF84A321}.Release|Any CPU.Build.0 = Release|Any CPU
		{0E8BA049-7FC2-4C49-8648-1742E1BE81D9}.Debug|Any CPU.ActiveCfg = Debug|Any CPU
		{0E8BA049-7FC2-4C49-8648-1742E1BE81D9}.Debug|Any CPU.Build.0 = Debug|Any CPU
		{0E8BA049-7FC2-4C49-8648-1742E1BE81D9}.Release|Any CPU.ActiveCfg = Release|Any CPU
		{0E8BA049-7FC2-4C49-8648-1742E1BE81D9}.Release|Any CPU.Build.0 = Release|Any CPU
		{D0000566-04C7-424D-B971-B3BBF01BC33F}.Debug|Any CPU.ActiveCfg = Debug|Any CPU
		{D0000566-04C7-424D-B971-B3BBF01BC33F}.Debug|Any CPU.Build.0 = Debug|Any CPU
		{D0000566-04C7-424D-B971-B3BBF01BC33F}.Release|Any CPU.ActiveCfg = Release|Any CPU
		{D0000566-04C7-424D-B971-B3BBF01BC33F}.Release|Any CPU.Build.0 = Release|Any CPU
		{5B72D101-C5F9-4D04-A4D3-FC946A289D0A}.Debug|Any CPU.ActiveCfg = Debug|Any CPU
		{5B72D101-C5F9-4D04-A4D3-FC946A289D0A}.Debug|Any CPU.Build.0 = Debug|Any CPU
		{5B72D101-C5F9-4D04-A4D3-FC946A289D0A}.Release|Any CPU.ActiveCfg = Release|Any CPU
		{5B72D101-C5F9-4D04-A4D3-FC946A289D0A}.Release|Any CPU.Build.0 = Release|Any CPU
		{5A47348B-0857-493D-810D-B7D4760C723B}.Debug|Any CPU.ActiveCfg = Debug|Any CPU
		{5A47348B-0857-493D-810D-B7D4760C723B}.Debug|Any CPU.Build.0 = Debug|Any CPU
		{5A47348B-0857-493D-810D-B7D4760C723B}.Release|Any CPU.ActiveCfg = Release|Any CPU
		{5A47348B-0857-493D-810D-B7D4760C723B}.Release|Any CPU.Build.0 = Release|Any CPU
		{0F7722E5-D3C1-4242-B3D3-C1BE6592ADA9}.Debug|Any CPU.ActiveCfg = Debug|Any CPU
		{0F7722E5-D3C1-4242-B3D3-C1BE6592ADA9}.Debug|Any CPU.Build.0 = Debug|Any CPU
		{0F7722E5-D3C1-4242-B3D3-C1BE6592ADA9}.Release|Any CPU.ActiveCfg = Release|Any CPU
		{0F7722E5-D3C1-4242-B3D3-C1BE6592ADA9}.Release|Any CPU.Build.0 = Release|Any CPU
		{81F3CEEC-8AC7-4E95-AC77-D98DBB319E8D}.Debug|Any CPU.ActiveCfg = Debug|Any CPU
		{81F3CEEC-8AC7-4E95-AC77-D98DBB319E8D}.Debug|Any CPU.Build.0 = Debug|Any CPU
		{81F3CEEC-8AC7-4E95-AC77-D98DBB319E8D}.Release|Any CPU.ActiveCfg = Release|Any CPU
		{81F3CEEC-8AC7-4E95-AC77-D98DBB319E8D}.Release|Any CPU.Build.0 = Release|Any CPU
		{862A7038-1B55-4B56-91E5-1D587279AF3B}.Debug|Any CPU.ActiveCfg = Debug|Any CPU
		{862A7038-1B55-4B56-91E5-1D587279AF3B}.Debug|Any CPU.Build.0 = Debug|Any CPU
		{862A7038-1B55-4B56-91E5-1D587279AF3B}.Release|Any CPU.ActiveCfg = Release|Any CPU
		{862A7038-1B55-4B56-91E5-1D587279AF3B}.Release|Any CPU.Build.0 = Release|Any CPU
		{30E9C716-EEB6-47DC-836A-15CA970735F6}.Debug|Any CPU.ActiveCfg = Debug|Any CPU
		{30E9C716-EEB6-47DC-836A-15CA970735F6}.Debug|Any CPU.Build.0 = Debug|Any CPU
		{30E9C716-EEB6-47DC-836A-15CA970735F6}.Release|Any CPU.ActiveCfg = Release|Any CPU
		{30E9C716-EEB6-47DC-836A-15CA970735F6}.Release|Any CPU.Build.0 = Release|Any CPU
		{4BFFBDC2-B57C-40BF-B6B2-1DF33B35CFED}.Debug|Any CPU.ActiveCfg = Debug|Any CPU
		{4BFFBDC2-B57C-40BF-B6B2-1DF33B35CFED}.Debug|Any CPU.Build.0 = Debug|Any CPU
		{4BFFBDC2-B57C-40BF-B6B2-1DF33B35CFED}.Release|Any CPU.ActiveCfg = Release|Any CPU
		{4BFFBDC2-B57C-40BF-B6B2-1DF33B35CFED}.Release|Any CPU.Build.0 = Release|Any CPU
		{684C0027-FE89-4437-A48C-99B8D6E864E1}.Debug|Any CPU.ActiveCfg = Debug|Any CPU
		{684C0027-FE89-4437-A48C-99B8D6E864E1}.Debug|Any CPU.Build.0 = Debug|Any CPU
		{684C0027-FE89-4437-A48C-99B8D6E864E1}.Release|Any CPU.ActiveCfg = Release|Any CPU
		{684C0027-FE89-4437-A48C-99B8D6E864E1}.Release|Any CPU.Build.0 = Release|Any CPU
		{5EAFF227-8F10-4BC2-AB08-6D1A02289348}.Debug|Any CPU.ActiveCfg = Debug|Any CPU
		{5EAFF227-8F10-4BC2-AB08-6D1A02289348}.Debug|Any CPU.Build.0 = Debug|Any CPU
		{5EAFF227-8F10-4BC2-AB08-6D1A02289348}.Release|Any CPU.ActiveCfg = Release|Any CPU
		{5EAFF227-8F10-4BC2-AB08-6D1A02289348}.Release|Any CPU.Build.0 = Release|Any CPU
		{42EF5BBD-A1C2-4597-840A-664BB7595CEC}.Debug|Any CPU.ActiveCfg = Debug|Any CPU
		{42EF5BBD-A1C2-4597-840A-664BB7595CEC}.Debug|Any CPU.Build.0 = Debug|Any CPU
		{42EF5BBD-A1C2-4597-840A-664BB7595CEC}.Release|Any CPU.ActiveCfg = Release|Any CPU
		{42EF5BBD-A1C2-4597-840A-664BB7595CEC}.Release|Any CPU.Build.0 = Release|Any CPU
		{031CF200-DD13-415E-93C9-2C1369FB772F}.Debug|Any CPU.ActiveCfg = Debug|Any CPU
		{031CF200-DD13-415E-93C9-2C1369FB772F}.Debug|Any CPU.Build.0 = Debug|Any CPU
		{031CF200-DD13-415E-93C9-2C1369FB772F}.Release|Any CPU.ActiveCfg = Release|Any CPU
		{031CF200-DD13-415E-93C9-2C1369FB772F}.Release|Any CPU.Build.0 = Release|Any CPU
	EndGlobalSection
	GlobalSection(SolutionProperties) = preSolution
		HideSolutionNode = FALSE
	EndGlobalSection
	GlobalSection(ExtensibilityGlobals) = postSolution
		SolutionGuid = {4C498024-34E8-4818-922E-98835A5F2962}
	EndGlobalSection
EndGlobal
